
Microsoft Visual Studio Solution File, Format Version 12.00
# Visual Studio 2015
Project("{FAE04EC0-301F-11D3-BF4B-00C04F79EFBC}") = "Empathy3.CSharp", "Empathy3.CSharp.csproj", "{07F1DE74-45E4-F33C-F846-1F957B5C5978}"
EndProject
Global
	GlobalSection(SolutionConfigurationPlatforms) = preSolution
		Debug|Any CPU = Debug|Any CPU
		Release|Any CPU = Release|Any CPU
	EndGlobalSection
	GlobalSection(ProjectConfigurationPlatforms) = postSolution
		{07F1DE74-45E4-F33C-F846-1F957B5C5978}.Debug|Any CPU.ActiveCfg = Debug|Any CPU
		{07F1DE74-45E4-F33C-F846-1F957B5C5978}.Debug|Any CPU.Build.0 = Debug|Any CPU
		{07F1DE74-45E4-F33C-F846-1F957B5C5978}.Release|Any CPU.ActiveCfg = Release|Any CPU
		{07F1DE74-45E4-F33C-F846-1F957B5C5978}.Release|Any CPU.Build.0 = Release|Any CPU
	EndGlobalSection
	GlobalSection(SolutionProperties) = preSolution
		HideSolutionNode = FALSE
	EndGlobalSection
EndGlobal
